
Microsoft Visual Studio Solution File, Format Version 12.00
# Visual Studio Version 17
VisualStudioVersion = 17.11.35312.102
MinimumVisualStudioVersion = 10.0.40219.1
Project("{8BC9CEB8-8B4A-11D0-8D11-00A0C91BC942}") = "ReneNgineVulkanCore", "ReneNgineVulkanCore\ReneNgineVulkanCore.vcxproj", "{9D5AF29F-F8DE-4FDC-A1DE-8BEB257FE3C9}"
EndProject
Project("{8BC9CEB8-8B4A-11D0-8D11-00A0C91BC942}") = "ReneNgineOpenGLCore", "ReneNgineOpenGLCore\ReneNgineOpenGLCore.vcxproj", "{67CF28AF-D6DC-471B-B517-11FB6C0CD2AE}"
EndProject
Global
	GlobalSection(SolutionConfigurationPlatforms) = preSolution
		Debug|x64 = Debug|x64
		Debug|x86 = Debug|x86
		Release|x64 = Release|x64
		Release|x86 = Release|x86
	EndGlobalSection
	GlobalSection(ProjectConfigurationPlatforms) = postSolution
		{9D5AF29F-F8DE-4FDC-A1DE-8BEB257FE3C9}.Debug|x64.ActiveCfg = Debug|x64
		{9D5AF29F-F8DE-4FDC-A1DE-8BEB257FE3C9}.Debug|x64.Build.0 = Debug|x64
		{9D5AF29F-F8DE-4FDC-A1DE-8BEB257FE3C9}.Debug|x86.ActiveCfg = Debug|Win32
		{9D5AF29F-F8DE-4FDC-A1DE-8BEB257FE3C9}.Debug|x86.Build.0 = Debug|Win32
		{9D5AF29F-F8DE-4FDC-A1DE-8BEB257FE3C9}.Release|x64.ActiveCfg = Release|x64
		{9D5AF29F-F8DE-4FDC-A1DE-8BEB257FE3C9}.Release|x64.Build.0 = Release|x64
		{9D5AF29F-F8DE-4FDC-A1DE-8BEB257FE3C9}.Release|x86.ActiveCfg = Release|Win32
		{9D5AF29F-F8DE-4FDC-A1DE-8BEB257FE3C9}.Release|x86.Build.0 = Release|Win32
		{67CF28AF-D6DC-471B-B517-11FB6C0CD2AE}.Debug|x64.ActiveCfg = Debug|x64
		{67CF28AF-D6DC-471B-B517-11FB6C0CD2AE}.Debug|x64.Build.0 = Debug|x64
		{67CF28AF-D6DC-471B-B517-11FB6C0CD2AE}.Debug|x86.ActiveCfg = Debug|Win32
		{67CF28AF-D6DC-471B-B517-11FB6C0CD2AE}.Debug|x86.Build.0 = Debug|Win32
		{67CF28AF-D6DC-471B-B517-11FB6C0CD2AE}.Release|x64.ActiveCfg = Release|x64
		{67CF28AF-D6DC-471B-B517-11FB6C0CD2AE}.Release|x64.Build.0 = Release|x64
		{67CF28AF-D6DC-471B-B517-11FB6C0CD2AE}.Release|x86.ActiveCfg = Release|Win32
		{67CF28AF-D6DC-471B-B517-11FB6C0CD2AE}.Release|x86.Build.0 = Release|Win32
	EndGlobalSection
	GlobalSection(SolutionProperties) = preSolution
		HideSolutionNode = FALSE
	EndGlobalSection
	GlobalSection(ExtensibilityGlobals) = postSolution
		SolutionGuid = {9D7C5ED6-4128-4D9B-ABBA-8B3AA66A33D1}
	EndGlobalSection
EndGlobal
